// !$*UTF8*$!
{
	archiveVersion = 1;
	classes = {
	};
	objectVersion = 77;
	objects = {

/* Begin PBXContainerItemProxy section */
		AADC8F262D57BC80004B1F88 /* PBXContainerItemProxy */ = {
			isa = PBXContainerItemProxy;
			containerPortal = AADC8F0D2D57BC7D004B1F88 /* Project object */;
			proxyType = 1;
			remoteGlobalIDString = AADC8F142D57BC7D004B1F88;
			remoteInfo = Notifier;
		};
		AADC8F302D57BC80004B1F88 /* PBXContainerItemProxy */ = {
			isa = PBXContainerItemProxy;
			containerPortal = AADC8F0D2D57BC7D004B1F88 /* Project object */;
			proxyType = 1;
			remoteGlobalIDString = AADC8F142D57BC7D004B1F88;
			remoteInfo = Notifier;
		};
/* End PBXContainerItemProxy section */

/* Begin PBXFileReference section */
		AADC8F152D57BC7D004B1F88 /* Notifier.app */ = {isa = PBXFileReference; explicitFileType = wrapper.application; includeInIndex = 0; path = Notifier.app; sourceTree = BUILT_PRODUCTS_DIR; };
		AADC8F252D57BC80004B1F88 /* NotifierTests.xctest */ = {isa = PBXFileReference; explicitFileType = wrapper.cfbundle; includeInIndex = 0; path = NotifierTests.xctest; sourceTree = BUILT_PRODUCTS_DIR; };
		AADC8F2F2D57BC80004B1F88 /* NotifierUITests.xctest */ = {isa = PBXFileReference; explicitFileType = wrapper.cfbundle; includeInIndex = 0; path = NotifierUITests.xctest; sourceTree = BUILT_PRODUCTS_DIR; };
/* End PBXFileReference section */

/* Begin PBXFileSystemSynchronizedRootGroup section */
		AADC8F172D57BC7D004B1F88 /* Notifier */ = {
			isa = PBXFileSystemSynchronizedRootGroup;
			path = Notifier;
			sourceTree = "<group>";
		};
		AADC8F282D57BC80004B1F88 /* NotifierTests */ = {
			isa = PBXFileSystemSynchronizedRootGroup;
			path = NotifierTests;
			sourceTree = "<group>";
		};
		AADC8F322D57BC80004B1F88 /* NotifierUITests */ = {
			isa = PBXFileSystemSynchronizedRootGroup;
			path = NotifierUITests;
			sourceTree = "<group>";
		};
/* End PBXFileSystemSynchronizedRootGroup section */

/* Begin PBXFrameworksBuildPhase section */
		AADC8F122D57BC7D004B1F88 /* Frameworks */ = {
			isa = PBXFrameworksBuildPhase;
			buildActionMask = 2147483647;
			files = (
			);
			runOnlyForDeploymentPostprocessing = 0;
		};
		AADC8F222D57BC80004B1F88 /* Frameworks */ = {
			isa = PBXFrameworksBuildPhase;
			buildActionMask = 2147483647;
			files = (
			);
			runOnlyForDeploymentPostprocessing = 0;
		};
		AADC8F2C2D57BC80004B1F88 /* Frameworks */ = {
			isa = PBXFrameworksBuildPhase;
			buildActionMask = 2147483647;
			files = (
			);
			runOnlyForDeploymentPostprocessing = 0;
		};
/* End PBXFrameworksBuildPhase section */

/* Begin PBXGroup section */
		AADC8F0C2D57BC7D004B1F88 = {
			isa = PBXGroup;
			children = (
				AADC8F172D57BC7D004B1F88 /* Notifier */,
				AADC8F282D57BC80004B1F88 /* NotifierTests */,
				AADC8F322D57BC80004B1F88 /* NotifierUITests */,
				AADC8F162D57BC7D004B1F88 /* Products */,
			);
			sourceTree = "<group>";
		};
		AADC8F162D57BC7D004B1F88 /* Products */ = {
			isa = PBXGroup;
			children = (
				AADC8F152D57BC7D004B1F88 /* Notifier.app */,
				AADC8F252D57BC80004B1F88 /* NotifierTests.xctest */,
				AADC8F2F2D57BC80004B1F88 /* NotifierUITests.xctest */,
			);
			name = Products;
			sourceTree = "<group>";
		};
/* End PBXGroup section */

/* Begin PBXNativeTarget section */
		AADC8F142D57BC7D004B1F88 /* Notifier */ = {
			isa = PBXNativeTarget;
			buildConfigurationList = AADC8F392D57BC80004B1F88 /* Build configuration list for PBXNativeTarget "Notifier" */;
			buildPhases = (
				AADC8F112D57BC7D004B1F88 /* Sources */,
				AADC8F122D57BC7D004B1F88 /* Frameworks */,
				AADC8F132D57BC7D004B1F88 /* Resources */,
			);
			buildRules = (
			);
			dependencies = (
			);
			fileSystemSynchronizedGroups = (
				AADC8F172D57BC7D004B1F88 /* Notifier */,
			);
			name = Notifier;
			packageProductDependencies = (
			);
			productName = Notifier;
			productReference = AADC8F152D57BC7D004B1F88 /* Notifier.app */;
			productType = "com.apple.product-type.application";
		};
		AADC8F242D57BC80004B1F88 /* NotifierTests */ = {
			isa = PBXNativeTarget;
			buildConfigurationList = AADC8F3C2D57BC80004B1F88 /* Build configuration list for PBXNativeTarget "NotifierTests" */;
			buildPhases = (
				AADC8F212D57BC80004B1F88 /* Sources */,
				AADC8F222D57BC80004B1F88 /* Frameworks */,
				AADC8F232D57BC80004B1F88 /* Resources */,
			);
			buildRules = (
			);
			dependencies = (
				AADC8F272D57BC80004B1F88 /* PBXTargetDependency */,
			);
			fileSystemSynchronizedGroups = (
				AADC8F282D57BC80004B1F88 /* NotifierTests */,
			);
			name = NotifierTests;
			packageProductDependencies = (
			);
			productName = NotifierTests;
			productReference = AADC8F252D57BC80004B1F88 /* NotifierTests.xctest */;
			productType = "com.apple.product-type.bundle.unit-test";
		};
		AADC8F2E2D57BC80004B1F88 /* NotifierUITests */ = {
			isa = PBXNativeTarget;
			buildConfigurationList = AADC8F3F2D57BC80004B1F88 /* Build configuration list for PBXNativeTarget "NotifierUITests" */;
			buildPhases = (
				AADC8F2B2D57BC80004B1F88 /* Sources */,
				AADC8F2C2D57BC80004B1F88 /* Frameworks */,
				AADC8F2D2D57BC80004B1F88 /* Resources */,
			);
			buildRules = (
			);
			dependencies = (
				AADC8F312D57BC80004B1F88 /* PBXTargetDependency */,
			);
			fileSystemSynchronizedGroups = (
				AADC8F322D57BC80004B1F88 /* NotifierUITests */,
			);
			name = NotifierUITests;
			packageProductDependencies = (
			);
			productName = NotifierUITests;
			productReference = AADC8F2F2D57BC80004B1F88 /* NotifierUITests.xctest */;
			productType = "com.apple.product-type.bundle.ui-testing";
		};
/* End PBXNativeTarget section */

/* Begin PBXProject section */
		AADC8F0D2D57BC7D004B1F88 /* Project object */ = {
			isa = PBXProject;
			attributes = {
				BuildIndependentTargetsInParallel = 1;
				LastSwiftUpdateCheck = 1620;
				LastUpgradeCheck = 1620;
				TargetAttributes = {
					AADC8F142D57BC7D004B1F88 = {
						CreatedOnToolsVersion = 16.2;
					};
					AADC8F242D57BC80004B1F88 = {
						CreatedOnToolsVersion = 16.2;
						TestTargetID = AADC8F142D57BC7D004B1F88;
					};
					AADC8F2E2D57BC80004B1F88 = {
						CreatedOnToolsVersion = 16.2;
						TestTargetID = AADC8F142D57BC7D004B1F88;
					};
				};
			};
			buildConfigurationList = AADC8F102D57BC7D004B1F88 /* Build configuration list for PBXProject "Notifier" */;
			developmentRegion = en;
			hasScannedForEncodings = 0;
			knownRegions = (
				en,
				Base,
			);
			mainGroup = AADC8F0C2D57BC7D004B1F88;
			minimizedProjectReferenceProxies = 1;
			preferredProjectObjectVersion = 77;
			productRefGroup = AADC8F162D57BC7D004B1F88 /* Products */;
			projectDirPath = "";
			projectRoot = "";
			targets = (
				AADC8F142D57BC7D004B1F88 /* Notifier */,
				AADC8F242D57BC80004B1F88 /* NotifierTests */,
				AADC8F2E2D57BC80004B1F88 /* NotifierUITests */,
			);
		};
/* End PBXProject section */

/* Begin PBXResourcesBuildPhase section */
		AADC8F132D57BC7D004B1F88 /* Resources */ = {
			isa = PBXResourcesBuildPhase;
			buildActionMask = 2147483647;
			files = (
			);
			runOnlyForDeploymentPostprocessing = 0;
		};
		AADC8F232D57BC80004B1F88 /* Resources */ = {
			isa = PBXResourcesBuildPhase;
			buildActionMask = 2147483647;
			files = (
			);
			runOnlyForDeploymentPostprocessing = 0;
		};
		AADC8F2D2D57BC80004B1F88 /* Resources */ = {
			isa = PBXResourcesBuildPhase;
			buildActionMask = 2147483647;
			files = (
			);
			runOnlyForDeploymentPostprocessing = 0;
		};
/* End PBXResourcesBuildPhase section */

/* Begin PBXSourcesBuildPhase section */
		AADC8F112D57BC7D004B1F88 /* Sources */ = {
			isa = PBXSourcesBuildPhase;
			buildActionMask = 2147483647;
			files = (
			);
			runOnlyForDeploymentPostprocessing = 0;
		};
		AADC8F212D57BC80004B1F88 /* Sources */ = {
			isa = PBXSourcesBuildPhase;
			buildActionMask = 2147483647;
			files = (
			);
			runOnlyForDeploymentPostprocessing = 0;
		};
		AADC8F2B2D57BC80004B1F88 /* Sources */ = {
			isa = PBXSourcesBuildPhase;
			buildActionMask = 2147483647;
			files = (
			);
			runOnlyForDeploymentPostprocessing = 0;
		};
/* End PBXSourcesBuildPhase section */

/* Begin PBXTargetDependency section */
		AADC8F272D57BC80004B1F88 /* PBXTargetDependency */ = {
			isa = PBXTargetDependency;
			target = AADC8F142D57BC7D004B1F88 /* Notifier */;
			targetProxy = AADC8F262D57BC80004B1F88 /* PBXContainerItemProxy */;
		};
		AADC8F312D57BC80004B1F88 /* PBXTargetDependency */ = {
			isa = PBXTargetDependency;
			target = AADC8F142D57BC7D004B1F88 /* Notifier */;
			targetProxy = AADC8F302D57BC80004B1F88 /* PBXContainerItemProxy */;
		};
/* End PBXTargetDependency section */

/* Begin XCBuildConfiguration section */
		AADC8F372D57BC80004B1F88 /* Debug */ = {
			isa = XCBuildConfiguration;
			buildSettings = {
				ALWAYS_SEARCH_USER_PATHS = NO;
				ASSETCATALOG_COMPILER_GENERATE_SWIFT_ASSET_SYMBOL_EXTENSIONS = YES;
				CLANG_ANALYZER_NONNULL = YES;
				CLANG_ANALYZER_NUMBER_OBJECT_CONVERSION = YES_AGGRESSIVE;
				CLANG_CXX_LANGUAGE_STANDARD = "gnu++20";
				CLANG_ENABLE_MODULES = YES;
				CLANG_ENABLE_OBJC_ARC = YES;
				CLANG_ENABLE_OBJC_WEAK = YES;
				CLANG_WARN_BLOCK_CAPTURE_AUTORELEASING = YES;
				CLANG_WARN_BOOL_CONVERSION = YES;
				CLANG_WARN_COMMA = YES;
				CLANG_WARN_CONSTANT_CONVERSION = YES;
				CLANG_WARN_DEPRECATED_OBJC_IMPLEMENTATIONS = YES;
				CLANG_WARN_DIRECT_OBJC_ISA_USAGE = YES_ERROR;
				CLANG_WARN_DOCUMENTATION_COMMENTS = YES;
				CLANG_WARN_EMPTY_BODY = YES;
				CLANG_WARN_ENUM_CONVERSION = YES;
				CLANG_WARN_INFINITE_RECURSION = YES;
				CLANG_WARN_INT_CONVERSION = YES;
				CLANG_WARN_NON_LITERAL_NULL_CONVERSION = YES;
				CLANG_WARN_OBJC_IMPLICIT_RETAIN_SELF = YES;
				CLANG_WARN_OBJC_LITERAL_CONVERSION = YES;
				CLANG_WARN_OBJC_ROOT_CLASS = YES_ERROR;
				CLANG_WARN_QUOTED_INCLUDE_IN_FRAMEWORK_HEADER = YES;
				CLANG_WARN_RANGE_LOOP_ANALYSIS = YES;
				CLANG_WARN_STRICT_PROTOTYPES = YES;
				CLANG_WARN_SUSPICIOUS_MOVE = YES;
				CLANG_WARN_UNGUARDED_AVAILABILITY = YES_AGGRESSIVE;
				CLANG_WARN_UNREACHABLE_CODE = YES;
				CLANG_WARN__DUPLICATE_METHOD_MATCH = YES;
				COPY_PHASE_STRIP = NO;
				DEBUG_INFORMATION_FORMAT = dwarf;
				ENABLE_STRICT_OBJC_MSGSEND = YES;
				ENABLE_TESTABILITY = YES;
				ENABLE_USER_SCRIPT_SANDBOXING = YES;
				GCC_C_LANGUAGE_STANDARD = gnu17;
				GCC_DYNAMIC_NO_PIC = NO;
				GCC_NO_COMMON_BLOCKS = YES;
				GCC_OPTIMIZATION_LEVEL = 0;
				GCC_PREPROCESSOR_DEFINITIONS = (
					"DEBUG=1",
					"$(inherited)",
				);
				GCC_WARN_64_TO_32_BIT_CONVERSION = YES;
				GCC_WARN_ABOUT_RETURN_TYPE = YES_ERROR;
				GCC_WARN_UNDECLARED_SELECTOR = YES;
				GCC_WARN_UNINITIALIZED_AUTOS = YES_AGGRESSIVE;
				GCC_WARN_UNUSED_FUNCTION = YES;
				GCC_WARN_UNUSED_VARIABLE = YES;
				IPHONEOS_DEPLOYMENT_TARGET = 18.2;
				LOCALIZATION_PREFERS_STRING_CATALOGS = YES;
				MTL_ENABLE_DEBUG_INFO = INCLUDE_SOURCE;
				MTL_FAST_MATH = YES;
				ONLY_ACTIVE_ARCH = YES;
				SDKROOT = iphoneos;
				SWIFT_ACTIVE_COMPILATION_CONDITIONS = "DEBUG $(inherited)";
				SWIFT_OPTIMIZATION_LEVEL = "-Onone";
			};
			name = Debug;
		};
		AADC8F382D57BC80004B1F88 /* Release */ = {
			isa = XCBuildConfiguration;
			buildSettings = {
				ALWAYS_SEARCH_USER_PATHS = NO;
				ASSETCATALOG_COMPILER_GENERATE_SWIFT_ASSET_SYMBOL_EXTENSIONS = YES;
				CLANG_ANALYZER_NONNULL = YES;
				CLANG_ANALYZER_NUMBER_OBJECT_CONVERSION = YES_AGGRESSIVE;
				CLANG_CXX_LANGUAGE_STANDARD = "gnu++20";
				CLANG_ENABLE_MODULES = YES;
				CLANG_ENABLE_OBJC_ARC = YES;
				CLANG_ENABLE_OBJC_WEAK = YES;
				CLANG_WARN_BLOCK_CAPTURE_AUTORELEASING = YES;
				CLANG_WARN_BOOL_CONVERSION = YES;
				CLANG_WARN_COMMA = YES;
				CLANG_WARN_CONSTANT_CONVERSION = YES;
				CLANG_WARN_DEPRECATED_OBJC_IMPLEMENTATIONS = YES;
				CLANG_WARN_DIRECT_OBJC_ISA_USAGE = YES_ERROR;
				CLANG_WARN_DOCUMENTATION_COMMENTS = YES;
				CLANG_WARN_EMPTY_BODY = YES;
				CLANG_WARN_ENUM_CONVERSION = YES;
				CLANG_WARN_INFINITE_RECURSION = YES;
				CLANG_WARN_INT_CONVERSION = YES;
				CLANG_WARN_NON_LITERAL_NULL_CONVERSION = YES;
				CLANG_WARN_OBJC_IMPLICIT_RETAIN_SELF = YES;
				CLANG_WARN_OBJC_LITERAL_CONVERSION = YES;
				CLANG_WARN_OBJC_ROOT_CLASS = YES_ERROR;
				CLANG_WARN_QUOTED_INCLUDE_IN_FRAMEWORK_HEADER = YES;
				CLANG_WARN_RANGE_LOOP_ANALYSIS = YES;
				CLANG_WARN_STRICT_PROTOTYPES = YES;
				CLANG_WARN_SUSPICIOUS_MOVE = YES;
				CLANG_WARN_UNGUARDED_AVAILABILITY = YES_AGGRESSIVE;
				CLANG_WARN_UNREACHABLE_CODE = YES;
				CLANG_WARN__DUPLICATE_METHOD_MATCH = YES;
				COPY_PHASE_STRIP = NO;
				DEBUG_INFORMATION_FORMAT = "dwarf-with-dsym";
				ENABLE_NS_ASSERTIONS = NO;
				ENABLE_STRICT_OBJC_MSGSEND = YES;
				ENABLE_USER_SCRIPT_SANDBOXING = YES;
				GCC_C_LANGUAGE_STANDARD = gnu17;
				GCC_NO_COMMON_BLOCKS = YES;
				GCC_WARN_64_TO_32_BIT_CONVERSION = YES;
				GCC_WARN_ABOUT_RETURN_TYPE = YES_ERROR;
				GCC_WARN_UNDECLARED_SELECTOR = YES;
				GCC_WARN_UNINITIALIZED_AUTOS = YES_AGGRESSIVE;
				GCC_WARN_UNUSED_FUNCTION = YES;
				GCC_WARN_UNUSED_VARIABLE = YES;
				IPHONEOS_DEPLOYMENT_TARGET = 18.2;
				LOCALIZATION_PREFERS_STRING_CATALOGS = YES;
				MTL_ENABLE_DEBUG_INFO = NO;
				MTL_FAST_MATH = YES;
				SDKROOT = iphoneos;
				SWIFT_COMPILATION_MODE = wholemodule;
				VALIDATE_PRODUCT = YES;
			};
			name = Release;
		};
		AADC8F3A2D57BC80004B1F88 /* Debug */ = {
			isa = XCBuildConfiguration;
			buildSettings = {
				ASSETCATALOG_COMPILER_APPICON_NAME = AppIcon;
				ASSETCATALOG_COMPILER_GLOBAL_ACCENT_COLOR_NAME = AccentColor;
				CODE_SIGN_STYLE = Automatic;
				CURRENT_PROJECT_VERSION = 1;
				DEVELOPMENT_ASSET_PATHS = "\"Notifier/Preview Content\"";
				DEVELOPMENT_TEAM = Q3584JB8R5;
				ENABLE_PREVIEWS = YES;
				GENERATE_INFOPLIST_FILE = YES;
				INFOPLIST_KEY_UIApplicationSceneManifest_Generation = YES;
				INFOPLIST_KEY_UIApplicationSupportsIndirectInputEvents = YES;
				INFOPLIST_KEY_UILaunchScreen_Generation = YES;
				INFOPLIST_KEY_UISupportedInterfaceOrientations_iPad = "UIInterfaceOrientationPortrait UIInterfaceOrientationPortraitUpsideDown UIInterfaceOrientationLandscapeLeft UIInterfaceOrientationLandscapeRight";
				INFOPLIST_KEY_UISupportedInterfaceOrientations_iPhone = "UIInterfaceOrientationPortrait UIInterfaceOrientationLandscapeLeft UIInterfaceOrientationLandscapeRight";
				LD_RUNPATH_SEARCH_PATHS = (
					"$(inherited)",
					"@executable_path/Frameworks",
				);
				MARKETING_VERSION = 1.0;
				PRODUCT_BUNDLE_IDENTIFIER = com.raidan.Notifier;
				PRODUCT_NAME = "$(TARGET_NAME)";
				SWIFT_EMIT_LOC_STRINGS = YES;
				SWIFT_VERSION = 5.0;
				TARGETED_DEVICE_FAMILY = "1,2";
			};
			name = Debug;
		};
		AADC8F3B2D57BC80004B1F88 /* Release */ = {
			isa = XCBuildConfiguration;
			buildSettings = {
				ASSETCATALOG_COMPILER_APPICON_NAME = AppIcon;
				ASSETCATALOG_COMPILER_GLOBAL_ACCENT_COLOR_NAME = AccentColor;
				CODE_SIGN_STYLE = Automatic;
				CURRENT_PROJECT_VERSION = 1;
				DEVELOPMENT_ASSET_PATHS = "\"Notifier/Preview Content\"";
				DEVELOPMENT_TEAM = Q3584JB8R5;
				ENABLE_PREVIEWS = YES;
				GENERATE_INFOPLIST_FILE = YES;
				INFOPLIST_KEY_UIApplicationSceneManifest_Generation = YES;
				INFOPLIST_KEY_UIApplicationSupportsIndirectInputEvents = YES;
				INFOPLIST_KEY_UILaunchScreen_Generation = YES;
				INFOPLIST_KEY_UISupportedInterfaceOrientations_iPad = "UIInterfaceOrientationPortrait UIInterfaceOrientationPortraitUpsideDown UIInterfaceOrientationLandscapeLeft UIInterfaceOrientationLandscapeRight";
				INFOPLIST_KEY_UISupportedInterfaceOrientations_iPhone = "UIInterfaceOrientationPortrait UIInterfaceOrientationLandscapeLeft UIInterfaceOrientationLandscapeRight";
				LD_RUNPATH_SEARCH_PATHS = (
					"$(inherited)",
					"@executable_path/Frameworks",
				);
				MARKETING_VERSION = 1.0;
				PRODUCT_BUNDLE_IDENTIFIER = com.raidan.Notifier;
				PRODUCT_NAME = "$(TARGET_NAME)";
				SWIFT_EMIT_LOC_STRINGS = YES;
				SWIFT_VERSION = 5.0;
				TARGETED_DEVICE_FAMILY = "1,2";
			};
			name = Release;
		};
		AADC8F3D2D57BC80004B1F88 /* Debug */ = {
			isa = XCBuildConfiguration;
			buildSettings = {
				BUNDLE_LOADER = "$(TEST_HOST)";
				CODE_SIGN_STYLE = Automatic;
				CURRENT_PROJECT_VERSION = 1;
				DEVELOPMENT_TEAM = Q3584JB8R5;
				GENERATE_INFOPLIST_FILE = YES;
				IPHONEOS_DEPLOYMENT_TARGET = 18.2;
				MARKETING_VERSION = 1.0;
				PRODUCT_BUNDLE_IDENTIFIER = com.raidan.NotifierTests;
				PRODUCT_NAME = "$(TARGET_NAME)";
				SWIFT_EMIT_LOC_STRINGS = NO;
				SWIFT_VERSION = 5.0;
				TARGETED_DEVICE_FAMILY = "1,2";
				TEST_HOST = "$(BUILT_PRODUCTS_DIR)/Notifier.app/$(BUNDLE_EXECUTABLE_FOLDER_PATH)/Notifier";
			};
			name = Debug;
		};
		AADC8F3E2D57BC80004B1F88 /* Release */ = {
			isa = XCBuildConfiguration;
			buildSettings = {
				BUNDLE_LOADER = "$(TEST_HOST)";
				CODE_SIGN_STYLE = Automatic;
				CURRENT_PROJECT_VERSION = 1;
				DEVELOPMENT_TEAM = Q3584JB8R5;
				GENERATE_INFOPLIST_FILE = YES;
				IPHONEOS_DEPLOYMENT_TARGET = 18.2;
				MARKETING_VERSION = 1.0;
				PRODUCT_BUNDLE_IDENTIFIER = com.raidan.NotifierTests;
				PRODUCT_NAME = "$(TARGET_NAME)";
				SWIFT_EMIT_LOC_STRINGS = NO;
				SWIFT_VERSION = 5.0;
				TARGETED_DEVICE_FAMILY = "1,2";
				TEST_HOST = "$(BUILT_PRODUCTS_DIR)/Notifier.app/$(BUNDLE_EXECUTABLE_FOLDER_PATH)/Notifier";
			};
			name = Release;
		};
		AADC8F402D57BC80004B1F88 /* Debug */ = {
			isa = XCBuildConfiguration;
			buildSettings = {
				CODE_SIGN_STYLE = Automatic;
				CURRENT_PROJECT_VERSION = 1;
				DEVELOPMENT_TEAM = Q3584JB8R5;
				GENERATE_INFOPLIST_FILE = YES;
				MARKETING_VERSION = 1.0;
				PRODUCT_BUNDLE_IDENTIFIER = com.raidan.NotifierUITests;
				PRODUCT_NAME = "$(TARGET_NAME)";
				SWIFT_EMIT_LOC_STRINGS = NO;
				SWIFT_VERSION = 5.0;
				TARGETED_DEVICE_FAMILY = "1,2";
				TEST_TARGET_NAME = Notifier;
			};
			name = Debug;
		};
		AADC8F412D57BC80004B1F88 /* Release */ = {
			isa = XCBuildConfiguration;
			buildSettings = {
				CODE_SIGN_STYLE = Automatic;
				CURRENT_PROJECT_VERSION = 1;
				DEVELOPMENT_TEAM = Q3584JB8R5;
				GENERATE_INFOPLIST_FILE = YES;
				MARKETING_VERSION = 1.0;
				PRODUCT_BUNDLE_IDENTIFIER = com.raidan.NotifierUITests;
				PRODUCT_NAME = "$(TARGET_NAME)";
				SWIFT_EMIT_LOC_STRINGS = NO;
				SWIFT_VERSION = 5.0;
				TARGETED_DEVICE_FAMILY = "1,2";
				TEST_TARGET_NAME = Notifier;
			};
			name = Release;
		};
/* End XCBuildConfiguration section */

/* Begin XCConfigurationList section */
		AADC8F102D57BC7D004B1F88 /* Build configuration list for PBXProject "Notifier" */ = {
			isa = XCConfigurationList;
			buildConfigurations = (
				AADC8F372D57BC80004B1F88 /* Debug */,
				AADC8F382D57BC80004B1F88 /* Release */,
			);
			defaultConfigurationIsVisible = 0;
			defaultConfigurationName = Release;
		};
		AADC8F392D57BC80004B1F88 /* Build configuration list for PBXNativeTarget "Notifier" */ = {
			isa = XCConfigurationList;
			buildConfigurations = (
				AADC8F3A2D57BC80004B1F88 /* Debug */,
				AADC8F3B2D57BC80004B1F88 /* Release */,
			);
			defaultConfigurationIsVisible = 0;
			defaultConfigurationName = Release;
		};
		AADC8F3C2D57BC80004B1F88 /* Build configuration list for PBXNativeTarget "NotifierTests" */ = {
			isa = XCConfigurationList;
			buildConfigurations = (
				AADC8F3D2D57BC80004B1F88 /* Debug */,
				AADC8F3E2D57BC80004B1F88 /* Release */,
			);
			defaultConfigurationIsVisible = 0;
			defaultConfigurationName = Release;
		};
		AADC8F3F2D57BC80004B1F88 /* Build configuration list for PBXNativeTarget "NotifierUITests" */ = {
			isa = XCConfigurationList;
			buildConfigurations = (
				AADC8F402D57BC80004B1F88 /* Debug */,
				AADC8F412D57BC80004B1F88 /* Release */,
			);
			defaultConfigurationIsVisible = 0;
			defaultConfigurationName = Release;
		};
/* End XCConfigurationList section */
	};
	rootObject = AADC8F0D2D57BC7D004B1F88 /* Project object */;
}
